
Microsoft Visual Studio Solution File, Format Version 12.00
# Visual Studio Version 17
VisualStudioVersion = 17.1.32210.238
MinimumVisualStudioVersion = 10.0.40219.1
Project("{E24C65DC-7377-472B-9ABA-BC803B73C61A}") = "MultiUserAddressBookNTier", ".", "{7D603972-06AA-4E1C-9DEB-A05AFF01F382}"
	ProjectSection(WebsiteProperties) = preProject
		TargetFrameworkMoniker = ".NETFramework,Version%3Dv4.8"
		Debug.AspNetCompiler.VirtualPath = "/localhost_1691"
		Debug.AspNetCompiler.PhysicalPath = "..\MultiUserAddressBookNTier\"
		Debug.AspNetCompiler.TargetPath = "PrecompiledWeb\localhost_1691\"
		Debug.AspNetCompiler.Updateable = "true"
		Debug.AspNetCompiler.ForceOverwrite = "true"
		Debug.AspNetCompiler.FixedNames = "false"
		Debug.AspNetCompiler.Debug = "True"
		Release.AspNetCompiler.VirtualPath = "/localhost_1691"
		Release.AspNetCompiler.PhysicalPath = "..\MultiUserAddressBookNTier\"
		Release.AspNetCompiler.TargetPath = "PrecompiledWeb\localhost_1691\"
		Release.AspNetCompiler.Updateable = "true"
		Release.AspNetCompiler.ForceOverwrite = "true"
		Release.AspNetCompiler.FixedNames = "false"
		Release.AspNetCompiler.Debug = "False"
		VWDPort = "1691"
		SlnRelativePath = "..\MultiUserAddressBookNTier\"
		DefaultWebSiteLanguage = "Visual C#"
	EndProjectSection
EndProject
Global
	GlobalSection(SolutionConfigurationPlatforms) = preSolution
		Debug|Any CPU = Debug|Any CPU
	EndGlobalSection
	GlobalSection(ProjectConfigurationPlatforms) = postSolution
		{7D603972-06AA-4E1C-9DEB-A05AFF01F382}.Debug|Any CPU.ActiveCfg = Debug|Any CPU
		{7D603972-06AA-4E1C-9DEB-A05AFF01F382}.Debug|Any CPU.Build.0 = Debug|Any CPU
	EndGlobalSection
	GlobalSection(SolutionProperties) = preSolution
		HideSolutionNode = FALSE
	EndGlobalSection
	GlobalSection(ExtensibilityGlobals) = postSolution
		SolutionGuid = {1DEF4C0C-A133-4AFD-B215-88BBD467E179}
	EndGlobalSection
EndGlobal
